
Microsoft Visual Studio Solution File, Format Version 11.00
# Visual Studio 2010
Project("{FAE04EC0-301F-11D3-BF4B-00C04F79EFBC}") = "BallBounceMVC", "BallBounceMVC\BallBounceMVC\BallBounceMVC.csproj", "{BAD03C5D-7986-4FB9-B463-E3B2FC4C124D}"
EndProject
Project("{96E2B04D-8817-42C6-938A-82C39BA4D311}") = "BallBounceMVCContent", "BallBounceMVC\BallBounceMVCContent\BallBounceMVCContent.contentproj", "{379CF9BA-6939-4450-AA83-B7E2A6A64DDD}"
EndProject
Global
	GlobalSection(SolutionConfigurationPlatforms) = preSolution
		Debug|x86 = Debug|x86
		Release|x86 = Release|x86
	EndGlobalSection
	GlobalSection(ProjectConfigurationPlatforms) = postSolution
		{BAD03C5D-7986-4FB9-B463-E3B2FC4C124D}.Debug|x86.ActiveCfg = Debug|x86
		{BAD03C5D-7986-4FB9-B463-E3B2FC4C124D}.Debug|x86.Build.0 = Debug|x86
		{BAD03C5D-7986-4FB9-B463-E3B2FC4C124D}.Release|x86.ActiveCfg = Release|x86
		{BAD03C5D-7986-4FB9-B463-E3B2FC4C124D}.Release|x86.Build.0 = Release|x86
		{379CF9BA-6939-4450-AA83-B7E2A6A64DDD}.Debug|x86.ActiveCfg = Debug|x86
		{379CF9BA-6939-4450-AA83-B7E2A6A64DDD}.Release|x86.ActiveCfg = Release|x86
	EndGlobalSection
	GlobalSection(SolutionProperties) = preSolution
		HideSolutionNode = FALSE
	EndGlobalSection
EndGlobal
